
Microsoft Visual Studio Solution File, Format Version 12.00
# Visual Studio Version 17
VisualStudioVersion = 17.4.33110.190
MinimumVisualStudioVersion = 10.0.40219.1
Project("{9A19103F-16F7-4668-BE54-9A1E7A4F7556}") = "CH.Domain.Abstractions", "CH.Domain.Abstractions\CH.Domain.Abstractions.csproj", "{917CA40F-D2CC-4CF6-8266-310BDBB87582}"
EndProject
Global
	GlobalSection(SolutionConfigurationPlatforms) = preSolution
		Debug|Any CPU = Debug|Any CPU
		Release|Any CPU = Release|Any CPU
	EndGlobalSection
	GlobalSection(ProjectConfigurationPlatforms) = postSolution
		{917CA40F-D2CC-4CF6-8266-310BDBB87582}.Debug|Any CPU.ActiveCfg = Debug|Any CPU
		{917CA40F-D2CC-4CF6-8266-310BDBB87582}.Debug|Any CPU.Build.0 = Debug|Any CPU
		{917CA40F-D2CC-4CF6-8266-310BDBB87582}.Release|Any CPU.ActiveCfg = Release|Any CPU
		{917CA40F-D2CC-4CF6-8266-310BDBB87582}.Release|Any CPU.Build.0 = Release|Any CPU
	EndGlobalSection
	GlobalSection(SolutionProperties) = preSolution
		HideSolutionNode = FALSE
	EndGlobalSection
	GlobalSection(ExtensibilityGlobals) = postSolution
		SolutionGuid = {111A7D29-55E5-4C36-8CAB-0FE34B183419}
	EndGlobalSection
EndGlobal
